{
  "originHash" : "4d580279e1b4b0ea10af296610c3e814e110f1eb7cc117530e68d5428d36c945",
  "pins" : [
    {
      "identity" : "posthog-ios",
      "kind" : "remoteSourceControl",
      "location" : "https://github.com/PostHog/posthog-ios.git",
      "state" : {
        "revision" : "a2366f5397fb133b215b4d03bc9534958068a6c3",
        "version" : "3.64.4"
      }
    },
    {
      "identity" : "sfsymbols",
      "kind" : "remoteSourceControl",
      "location" : "https://github.com/simonbs/SFSymbols",
      "state" : {
        "revision" : "07c59068c52fb52c3a3223310a003b4ccd2a7a78",
        "version" : "1.5.0"
      }
    }
  ],
  "version" : 3
}
